
Microsoft Visual Studio Solution File, Format Version 12.00
# Visual Studio Version 17
VisualStudioVersion = 17.5.33530.505
MinimumVisualStudioVersion = 10.0.40219.1
Project("{FAE04EC0-301F-11D3-BF4B-00C04F79EFBC}") = "MagicVilla_API", "MagicVilla_API\MagicVilla_API.csproj", "{8D943BE1-A173-42C4-A13C-9FD122ACF765}"
EndProject
Global
	GlobalSection(SolutionConfigurationPlatforms) = preSolution
		Debug|Any CPU = Debug|Any CPU
		Release|Any CPU = Release|Any CPU
	EndGlobalSection
	GlobalSection(ProjectConfigurationPlatforms) = postSolution
		{8D943BE1-A173-42C4-A13C-9FD122ACF765}.Debug|Any CPU.ActiveCfg = Debug|Any CPU
		{8D943BE1-A173-42C4-A13C-9FD122ACF765}.Debug|Any CPU.Build.0 = Debug|Any CPU
		{8D943BE1-A173-42C4-A13C-9FD122ACF765}.Release|Any CPU.ActiveCfg = Release|Any CPU
		{8D943BE1-A173-42C4-A13C-9FD122ACF765}.Release|Any CPU.Build.0 = Release|Any CPU
	EndGlobalSection
	GlobalSection(SolutionProperties) = preSolution
		HideSolutionNode = FALSE
	EndGlobalSection
	GlobalSection(ExtensibilityGlobals) = postSolution
		SolutionGuid = {257861A3-710A-47EF-8248-50D7254E041D}
	EndGlobalSection
EndGlobal
